# This file is automatically @generated by Cargo.
# It is not intended for manual editing.
version = 4

[[package]]
name = "ex0"
version = "0.1.0"
dependencies = [
 "gnatpolyglot_runtime",
]

[[package]]
name = "ex0_main"
version = "0.1.0"
dependencies = [
 "ex0",
]

[[package]]
name = "gnatpolyglot_runtime"
version = "0.1.0"
