# This file is automatically @generated by Cargo.
# It is not intended for manual editing.
version = 4

[[package]]
name = "ex2"
version = "0.1.0"
dependencies = [
 "gnatpolyglot_runtime",
]

[[package]]
name = "ex2_main"
version = "0.1.0"
dependencies = [
 "ex2",
]

[[package]]
name = "gnatpolyglot_runtime"
version = "0.1.0"
